
Microsoft Visual Studio Solution File, Format Version 12.00
# Visual Studio Version 16
VisualStudioVersion = 16.0.30011.22
MinimumVisualStudioVersion = 10.0.40219.1
Project("{FAE04EC0-301F-11D3-BF4B-00C04F79EFBC}") = "Sudoku", "Sudoku\Sudoku.csproj", "{EF950EAA-6230-4142-82AA-E6C5EDE3933E}"
EndProject
Global
	GlobalSection(SolutionConfigurationPlatforms) = preSolution
		Debug|Any CPU = Debug|Any CPU
		Release|Any CPU = Release|Any CPU
	EndGlobalSection
	GlobalSection(ProjectConfigurationPlatforms) = postSolution
		{EF950EAA-6230-4142-82AA-E6C5EDE3933E}.Debug|Any CPU.ActiveCfg = Debug|Any CPU
		{EF950EAA-6230-4142-82AA-E6C5EDE3933E}.Debug|Any CPU.Build.0 = Debug|Any CPU
		{EF950EAA-6230-4142-82AA-E6C5EDE3933E}.Release|Any CPU.ActiveCfg = Release|Any CPU
		{EF950EAA-6230-4142-82AA-E6C5EDE3933E}.Release|Any CPU.Build.0 = Release|Any CPU
	EndGlobalSection
	GlobalSection(SolutionProperties) = preSolution
		HideSolutionNode = FALSE
	EndGlobalSection
	GlobalSection(ExtensibilityGlobals) = postSolution
		SolutionGuid = {614FB7E2-EB62-4738-A99F-F2171661E6E0}
	EndGlobalSection
EndGlobal
